
Microsoft Visual Studio Solution File, Format Version 12.00
# Visual Studio Version 17
VisualStudioVersion = 17.9.34728.123
MinimumVisualStudioVersion = 10.0.40219.1
Project("{9A19103F-16F7-4668-BE54-9A1E7A4F7556}") = "DeviceEmulator", "DeviceEmulator\DeviceEmulator.csproj", "{24514212-756D-43C0-9FE8-EFB84A4B625B}"
EndProject
Project("{FAE04EC0-301F-11D3-BF4B-00C04F79EFBC}") = "DeviceEmulatorTests", "DeviceEmulatorTests\DeviceEmulatorTests.csproj", "{4A57B2C4-8600-4D69-B6F6-21B1830D620F}"
EndProject
Global
	GlobalSection(SolutionConfigurationPlatforms) = preSolution
		Debug|Any CPU = Debug|Any CPU
		Release|Any CPU = Release|Any CPU
	EndGlobalSection
	GlobalSection(ProjectConfigurationPlatforms) = postSolution
		{24514212-756D-43C0-9FE8-EFB84A4B625B}.Debug|Any CPU.ActiveCfg = Debug|Any CPU
		{24514212-756D-43C0-9FE8-EFB84A4B625B}.Debug|Any CPU.Build.0 = Debug|Any CPU
		{24514212-756D-43C0-9FE8-EFB84A4B625B}.Release|Any CPU.ActiveCfg = Release|Any CPU
		{24514212-756D-43C0-9FE8-EFB84A4B625B}.Release|Any CPU.Build.0 = Release|Any CPU
		{4A57B2C4-8600-4D69-B6F6-21B1830D620F}.Debug|Any CPU.ActiveCfg = Debug|Any CPU
		{4A57B2C4-8600-4D69-B6F6-21B1830D620F}.Debug|Any CPU.Build.0 = Debug|Any CPU
		{4A57B2C4-8600-4D69-B6F6-21B1830D620F}.Release|Any CPU.ActiveCfg = Release|Any CPU
		{4A57B2C4-8600-4D69-B6F6-21B1830D620F}.Release|Any CPU.Build.0 = Release|Any CPU
	EndGlobalSection
	GlobalSection(SolutionProperties) = preSolution
		HideSolutionNode = FALSE
	EndGlobalSection
	GlobalSection(ExtensibilityGlobals) = postSolution
		SolutionGuid = {21F9F1D1-0115-4789-97F6-C76115649D70}
	EndGlobalSection
EndGlobal
